<Solution>
  <Folder Name="/build/">
    <File Path="build/Author.props" />
    <File Path="build/Common.props" />
    <File Path="build/icon.png" />
    <File Path="build/Icon.props" />
    <File Path="build/PackageInfo.props" />
    <File Path="build/SourceLink.props" />
    <File Path="build/Versioning.props" />
  </Folder>
  <Folder Name="/publish/">
    <File Path=".github/workflows/publish.yml" />
  </Folder>
  <Folder Name="/src/">
    <File Path="src/Directory.Build.props" />
    <Project Path="src/Cirreum.Storage.Azure/Cirreum.Storage.Azure.csproj" />
  </Folder>
  <Folder Name="/_solution items/">
    <File Path=".editorconfig" />
    <File Path=".gitattributes" />
    <File Path=".gitignore" />
    <File Path="CLAUDE.md" />
    <File Path="global.json" />
    <File Path="LICENSE" />
    <File Path="README.md" />
  </Folder>
</Solution>
